Microsoft Visual Studio Solution File, Format Version 12.00
# Visual Studio 14
VisualStudioVersion = 14.0.25420.1
MinimumVisualStudioVersion = 10.0.40219.1
Project("{8BC9CEB8-8B4A-11D0-8D11-00A0C91BC942}") = "FishTornado", "FishTornado.vcxproj", "{FFB6A13C-0087-4967-87A9-499A591179DB}"
EndProject
Project("{8BC9CEB8-8B4A-11D0-8D11-00A0C91BC942}") = "cinder-vulkan", "..\..\Cinder\blocks\Cinder-Vulkan\vs2015\cinder-vulkan.vcxproj", "{58EBACE2-C4AB-2819-8DE6-7196F9656DF5}"
EndProject
Global
	GlobalSection(SolutionConfigurationPlatforms) = preSolution
		Debug|x64 = Debug|x64
		Debug|x86 = Debug|x86
		Release|x64 = Release|x64
		Release|x86 = Release|x86
	EndGlobalSection
	GlobalSection(ProjectConfigurationPlatforms) = postSolution
		{FFB6A13C-0087-4967-87A9-499A591179DB}.Debug|x64.ActiveCfg = Debug|x64
		{FFB6A13C-0087-4967-87A9-499A591179DB}.Debug|x64.Build.0 = Debug|x64
		{FFB6A13C-0087-4967-87A9-499A591179DB}.Debug|x86.ActiveCfg = Debug|x64
		{FFB6A13C-0087-4967-87A9-499A591179DB}.Release|x64.ActiveCfg = Release|x64
		{FFB6A13C-0087-4967-87A9-499A591179DB}.Release|x64.Build.0 = Release|x64
		{FFB6A13C-0087-4967-87A9-499A591179DB}.Release|x86.ActiveCfg = Release|x64
		{58EBACE2-C4AB-2819-8DE6-7196F9656DF5}.Debug|x64.ActiveCfg = Debug|x64
		{58EBACE2-C4AB-2819-8DE6-7196F9656DF5}.Debug|x64.Build.0 = Debug|x64
		{58EBACE2-C4AB-2819-8DE6-7196F9656DF5}.Debug|x86.ActiveCfg = Debug|Win32
		{58EBACE2-C4AB-2819-8DE6-7196F9656DF5}.Debug|x86.Build.0 = Debug|Win32
		{58EBACE2-C4AB-2819-8DE6-7196F9656DF5}.Release|x64.ActiveCfg = Release|x64
		{58EBACE2-C4AB-2819-8DE6-7196F9656DF5}.Release|x64.Build.0 = Release|x64
		{58EBACE2-C4AB-2819-8DE6-7196F9656DF5}.Release|x86.ActiveCfg = Release|Win32
		{58EBACE2-C4AB-2819-8DE6-7196F9656DF5}.Release|x86.Build.0 = Release|Win32
	EndGlobalSection
	GlobalSection(SolutionProperties) = preSolution
		HideSolutionNode = FALSE
	EndGlobalSection
EndGlobal
